
Microsoft Visual Studio Solution File, Format Version 12.00
# Visual Studio Version 17
VisualStudioVersion = 17.2.32519.379
MinimumVisualStudioVersion = 10.0.40219.1
Project("{FAE04EC0-301F-11D3-BF4B-00C04F79EFBC}") = "Collection", "Collection\Collection.csproj", "{063337B8-8703-480D-B68A-5221D9E276AB}"
EndProject
Global
	GlobalSection(SolutionConfigurationPlatforms) = preSolution
		Debug|Any CPU = Debug|Any CPU
		Release|Any CPU = Release|Any CPU
	EndGlobalSection
	GlobalSection(ProjectConfigurationPlatforms) = postSolution
		{063337B8-8703-480D-B68A-5221D9E276AB}.Debug|Any CPU.ActiveCfg = Debug|Any CPU
		{063337B8-8703-480D-B68A-5221D9E276AB}.Debug|Any CPU.Build.0 = Debug|Any CPU
		{063337B8-8703-480D-B68A-5221D9E276AB}.Release|Any CPU.ActiveCfg = Release|Any CPU
		{063337B8-8703-480D-B68A-5221D9E276AB}.Release|Any CPU.Build.0 = Release|Any CPU
	EndGlobalSection
	GlobalSection(SolutionProperties) = preSolution
		HideSolutionNode = FALSE
	EndGlobalSection
	GlobalSection(ExtensibilityGlobals) = postSolution
		SolutionGuid = {10536271-1852-4309-9420-A7180175B1AB}
	EndGlobalSection
EndGlobal
